Microsoft Visual Studio Solution File, Format Version 12.00
# Visual Studio 14
VisualStudioVersion = 14.0.25123.0
MinimumVisualStudioVersion = 10.0.40219.1
Project("{2150E333-8FDC-42A3-9474-1A3956D46DE8}") = "Core", "Core", "{2240CDE1-CB1F-4467-AF40-29231F2DF145}"
EndProject
Project("{2150E333-8FDC-42A3-9474-1A3956D46DE8}") = "MazeNavigationDomain", "MazeNavigationDomain", "{B2A22AA0-848D-442C-BCA4-A86EC6A0A1DE}"
EndProject
Project("{2150E333-8FDC-42A3-9474-1A3956D46DE8}") = "Utilities", "Utilities", "{19678703-EDEA-40B4-AC86-46BE2A1A7108}"
EndProject
Project("{FAE04EC0-301F-11D3-BF4B-00C04F79EFBC}") = "ExperimentEntities", "ExperimentEntities\ExperimentEntities.csproj", "{4EB22F9F-FF71-421A-8E85-01691BCAC2CA}"
EndProject
Project("{FAE04EC0-301F-11D3-BF4B-00C04F79EFBC}") = "SharpNeatLib", "SharpNeatLib\SharpNeatLib.csproj", "{2E5E3EE9-75FC-4745-83FF-2AD2B30A2C32}"
EndProject
Project("{FAE04EC0-301F-11D3-BF4B-00C04F79EFBC}") = "MazeGenomeGenerator", "MazeGenomeGenerator\MazeGenomeGenerator.csproj", "{95B388B9-FA65-4FDD-94F6-82966DC138C9}"
EndProject
Project("{FAE04EC0-301F-11D3-BF4B-00C04F79EFBC}") = "MazeExperimentSupportLib", "MazeExperimentSupportLib\MazeExperimentSupportLib.csproj", "{63891DD9-ABEE-4EDA-B0D5-84B407902B6F}"
EndProject
Project("{FAE04EC0-301F-11D3-BF4B-00C04F79EFBC}") = "MCC_Domains", "MCC_Domains\MCC_Domains.csproj", "{DF54A60D-6CFF-457D-9AC2-7A9923BD534E}"
EndProject
Project("{FAE04EC0-301F-11D3-BF4B-00C04F79EFBC}") = "MazeNavigationEvaluator", "MazeNavigationEvaluator\MazeNavigationEvaluator.csproj", "{A4F4146E-ACA5-4A74-A1FD-DB3D58654796}"
EndProject
Project("{FAE04EC0-301F-11D3-BF4B-00C04F79EFBC}") = "MCC_Executor", "MCC_Executor\MCC_Executor.csproj", "{26EF55D5-2149-4840-99D1-8A59747ADBDE}"
EndProject
Project("{2150E333-8FDC-42A3-9474-1A3956D46DE8}") = "BodyBrainDomain", "BodyBrainDomain", "{17FBB49D-7E42-4854-A868-315BF5F5B3E9}"
EndProject
Project("{FAE04EC0-301F-11D3-BF4B-00C04F79EFBC}") = "BodyBrainEvaluator", "BodyBrainEvaluator\BodyBrainEvaluator.csproj", "{F027872C-9ECD-4E9F-A303-80585D3121E0}"
EndProject
Project("{FAE04EC0-301F-11D3-BF4B-00C04F79EFBC}") = "BodyBrainSupportLib", "BodyBrainSupportLib\BodyBrainSupportLib.csproj", "{DE9B7063-F9FB-41A7-B59A-D37A9936384D}"
EndProject
Global
	GlobalSection(SolutionConfigurationPlatforms) = preSolution
		Debug|Any CPU = Debug|Any CPU
		Debug|ARM = Debug|ARM
		Debug|Mixed Platforms = Debug|Mixed Platforms
		Debug|x64 = Debug|x64
		Debug|x86 = Debug|x86
		Release|Any CPU = Release|Any CPU
		Release|ARM = Release|ARM
		Release|Mixed Platforms = Release|Mixed Platforms
		Release|x64 = Release|x64
		Release|x86 = Release|x86
	EndGlobalSection
	GlobalSection(ProjectConfigurationPlatforms) = postSolution
		{4EB22F9F-FF71-421A-8E85-01691BCAC2CA}.Debug|Any CPU.ActiveCfg = Debug|Any CPU
		{4EB22F9F-FF71-421A-8E85-01691BCAC2CA}.Debug|Any CPU.Build.0 = Debug|Any CPU
		{4EB22F9F-FF71-421A-8E85-01691BCAC2CA}.Debug|ARM.ActiveCfg = Debug|Any CPU
		{4EB22F9F-FF71-421A-8E85-01691BCAC2CA}.Debug|ARM.Build.0 = Debug|Any CPU
		{4EB22F9F-FF71-421A-8E85-01691BCAC2CA}.Debug|Mixed Platforms.ActiveCfg = Debug|Any CPU
		{4EB22F9F-FF71-421A-8E85-01691BCAC2CA}.Debug|Mixed Platforms.Build.0 = Debug|Any CPU
		{4EB22F9F-FF71-421A-8E85-01691BCAC2CA}.Debug|x64.ActiveCfg = Debug|Any CPU
		{4EB22F9F-FF71-421A-8E85-01691BCAC2CA}.Debug|x64.Build.0 = Debug|Any CPU
		{4EB22F9F-FF71-421A-8E85-01691BCAC2CA}.Debug|x86.ActiveCfg = Debug|Any CPU
		{4EB22F9F-FF71-421A-8E85-01691BCAC2CA}.Debug|x86.Build.0 = Debug|Any CPU
		{4EB22F9F-FF71-421A-8E85-01691BCAC2CA}.Release|Any CPU.ActiveCfg = Release|Any CPU
		{4EB22F9F-FF71-421A-8E85-01691BCAC2CA}.Release|Any CPU.Build.0 = Release|Any CPU
		{4EB22F9F-FF71-421A-8E85-01691BCAC2CA}.Release|ARM.ActiveCfg = Release|Any CPU
		{4EB22F9F-FF71-421A-8E85-01691BCAC2CA}.Release|ARM.Build.0 = Release|Any CPU
		{4EB22F9F-FF71-421A-8E85-01691BCAC2CA}.Release|Mixed Platforms.ActiveCfg = Release|Any CPU
		{4EB22F9F-FF71-421A-8E85-01691BCAC2CA}.Release|Mixed Platforms.Build.0 = Release|Any CPU
		{4EB22F9F-FF71-421A-8E85-01691BCAC2CA}.Release|x64.ActiveCfg = Release|Any CPU
		{4EB22F9F-FF71-421A-8E85-01691BCAC2CA}.Release|x64.Build.0 = Release|Any CPU
		{4EB22F9F-FF71-421A-8E85-01691BCAC2CA}.Release|x86.ActiveCfg = Release|Any CPU
		{4EB22F9F-FF71-421A-8E85-01691BCAC2CA}.Release|x86.Build.0 = Release|Any CPU
		{2E5E3EE9-75FC-4745-83FF-2AD2B30A2C32}.Debug|Any CPU.ActiveCfg = Debug|Any CPU
		{2E5E3EE9-75FC-4745-83FF-2AD2B30A2C32}.Debug|Any CPU.Build.0 = Debug|Any CPU
		{2E5E3EE9-75FC-4745-83FF-2AD2B30A2C32}.Debug|ARM.ActiveCfg = Debug|Any CPU
		{2E5E3EE9-75FC-4745-83FF-2AD2B30A2C32}.Debug|ARM.Build.0 = Debug|Any CPU
		{2E5E3EE9-75FC-4745-83FF-2AD2B30A2C32}.Debug|Mixed Platforms.ActiveCfg = Debug|Any CPU
		{2E5E3EE9-75FC-4745-83FF-2AD2B30A2C32}.Debug|Mixed Platforms.Build.0 = Debug|Any CPU
		{2E5E3EE9-75FC-4745-83FF-2AD2B30A2C32}.Debug|x64.ActiveCfg = Debug|Any CPU
		{2E5E3EE9-75FC-4745-83FF-2AD2B30A2C32}.Debug|x64.Build.0 = Debug|Any CPU
		{2E5E3EE9-75FC-4745-83FF-2AD2B30A2C32}.Debug|x86.ActiveCfg = Debug|Any CPU
		{2E5E3EE9-75FC-4745-83FF-2AD2B30A2C32}.Debug|x86.Build.0 = Debug|Any CPU
		{2E5E3EE9-75FC-4745-83FF-2AD2B30A2C32}.Release|Any CPU.ActiveCfg = Release|Any CPU
		{2E5E3EE9-75FC-4745-83FF-2AD2B30A2C32}.Release|Any CPU.Build.0 = Release|Any CPU
		{2E5E3EE9-75FC-4745-83FF-2AD2B30A2C32}.Release|ARM.ActiveCfg = Release|Any CPU
		{2E5E3EE9-75FC-4745-83FF-2AD2B30A2C32}.Release|ARM.Build.0 = Release|Any CPU
		{2E5E3EE9-75FC-4745-83FF-2AD2B30A2C32}.Release|Mixed Platforms.ActiveCfg = Release|Any CPU
		{2E5E3EE9-75FC-4745-83FF-2AD2B30A2C32}.Release|Mixed Platforms.Build.0 = Release|Any CPU
		{2E5E3EE9-75FC-4745-83FF-2AD2B30A2C32}.Release|x64.ActiveCfg = Release|Any CPU
		{2E5E3EE9-75FC-4745-83FF-2AD2B30A2C32}.Release|x64.Build.0 = Release|Any CPU
		{2E5E3EE9-75FC-4745-83FF-2AD2B30A2C32}.Release|x86.ActiveCfg = Release|Any CPU
		{2E5E3EE9-75FC-4745-83FF-2AD2B30A2C32}.Release|x86.Build.0 = Release|Any CPU
		{95B388B9-FA65-4FDD-94F6-82966DC138C9}.Debug|Any CPU.ActiveCfg = Debug|Any CPU
		{95B388B9-FA65-4FDD-94F6-82966DC138C9}.Debug|Any CPU.Build.0 = Debug|Any CPU
		{95B388B9-FA65-4FDD-94F6-82966DC138C9}.Debug|ARM.ActiveCfg = Debug|Any CPU
		{95B388B9-FA65-4FDD-94F6-82966DC138C9}.Debug|ARM.Build.0 = Debug|Any CPU
		{95B388B9-FA65-4FDD-94F6-82966DC138C9}.Debug|Mixed Platforms.ActiveCfg = Debug|Any CPU
		{95B388B9-FA65-4FDD-94F6-82966DC138C9}.Debug|Mixed Platforms.Build.0 = Debug|Any CPU
		{95B388B9-FA65-4FDD-94F6-82966DC138C9}.Debug|x64.ActiveCfg = Debug|Any CPU
		{95B388B9-FA65-4FDD-94F6-82966DC138C9}.Debug|x64.Build.0 = Debug|Any CPU
		{95B388B9-FA65-4FDD-94F6-82966DC138C9}.Debug|x86.ActiveCfg = Debug|Any CPU
		{95B388B9-FA65-4FDD-94F6-82966DC138C9}.Debug|x86.Build.0 = Debug|Any CPU
		{95B388B9-FA65-4FDD-94F6-82966DC138C9}.Release|Any CPU.ActiveCfg = Release|Any CPU
		{95B388B9-FA65-4FDD-94F6-82966DC138C9}.Release|Any CPU.Build.0 = Release|Any CPU
		{95B388B9-FA65-4FDD-94F6-82966DC138C9}.Release|ARM.ActiveCfg = Release|Any CPU
		{95B388B9-FA65-4FDD-94F6-82966DC138C9}.Release|ARM.Build.0 = Release|Any CPU
		{95B388B9-FA65-4FDD-94F6-82966DC138C9}.Release|Mixed Platforms.ActiveCfg = Release|Any CPU
		{95B388B9-FA65-4FDD-94F6-82966DC138C9}.Release|Mixed Platforms.Build.0 = Release|Any CPU
		{95B388B9-FA65-4FDD-94F6-82966DC138C9}.Release|x64.ActiveCfg = Release|Any CPU
		{95B388B9-FA65-4FDD-94F6-82966DC138C9}.Release|x64.Build.0 = Release|Any CPU
		{95B388B9-FA65-4FDD-94F6-82966DC138C9}.Release|x86.ActiveCfg = Release|Any CPU
		{95B388B9-FA65-4FDD-94F6-82966DC138C9}.Release|x86.Build.0 = Release|Any CPU
		{63891DD9-ABEE-4EDA-B0D5-84B407902B6F}.Debug|Any CPU.ActiveCfg = Debug|Any CPU
		{63891DD9-ABEE-4EDA-B0D5-84B407902B6F}.Debug|Any CPU.Build.0 = Debug|Any CPU
		{63891DD9-ABEE-4EDA-B0D5-84B407902B6F}.Debug|ARM.ActiveCfg = Debug|Any CPU
		{63891DD9-ABEE-4EDA-B0D5-84B407902B6F}.Debug|ARM.Build.0 = Debug|Any CPU
		{63891DD9-ABEE-4EDA-B0D5-84B407902B6F}.Debug|Mixed Platforms.ActiveCfg = Debug|Any CPU
		{63891DD9-ABEE-4EDA-B0D5-84B407902B6F}.Debug|Mixed Platforms.Build.0 = Debug|Any CPU
		{63891DD9-ABEE-4EDA-B0D5-84B407902B6F}.Debug|x64.ActiveCfg = Debug|Any CPU
		{63891DD9-ABEE-4EDA-B0D5-84B407902B6F}.Debug|x64.Build.0 = Debug|Any CPU
		{63891DD9-ABEE-4EDA-B0D5-84B407902B6F}.Debug|x86.ActiveCfg = Debug|Any CPU
		{63891DD9-ABEE-4EDA-B0D5-84B407902B6F}.Debug|x86.Build.0 = Debug|Any CPU
		{63891DD9-ABEE-4EDA-B0D5-84B407902B6F}.Release|Any CPU.ActiveCfg = Release|Any CPU
		{63891DD9-ABEE-4EDA-B0D5-84B407902B6F}.Release|Any CPU.Build.0 = Release|Any CPU
		{63891DD9-ABEE-4EDA-B0D5-84B407902B6F}.Release|ARM.ActiveCfg = Release|Any CPU
		{63891DD9-ABEE-4EDA-B0D5-84B407902B6F}.Release|ARM.Build.0 = Release|Any CPU
		{63891DD9-ABEE-4EDA-B0D5-84B407902B6F}.Release|Mixed Platforms.ActiveCfg = Release|Any CPU
		{63891DD9-ABEE-4EDA-B0D5-84B407902B6F}.Release|Mixed Platforms.Build.0 = Release|Any CPU
		{63891DD9-ABEE-4EDA-B0D5-84B407902B6F}.Release|x64.ActiveCfg = Release|Any CPU
		{63891DD9-ABEE-4EDA-B0D5-84B407902B6F}.Release|x64.Build.0 = Release|Any CPU
		{63891DD9-ABEE-4EDA-B0D5-84B407902B6F}.Release|x86.ActiveCfg = Release|Any CPU
		{63891DD9-ABEE-4EDA-B0D5-84B407902B6F}.Release|x86.Build.0 = Release|Any CPU
		{DF54A60D-6CFF-457D-9AC2-7A9923BD534E}.Debug|Any CPU.ActiveCfg = Debug|Any CPU
		{DF54A60D-6CFF-457D-9AC2-7A9923BD534E}.Debug|Any CPU.Build.0 = Debug|Any CPU
		{DF54A60D-6CFF-457D-9AC2-7A9923BD534E}.Debug|ARM.ActiveCfg = Debug|Any CPU
		{DF54A60D-6CFF-457D-9AC2-7A9923BD534E}.Debug|ARM.Build.0 = Debug|Any CPU
		{DF54A60D-6CFF-457D-9AC2-7A9923BD534E}.Debug|Mixed Platforms.ActiveCfg = Debug|Any CPU
		{DF54A60D-6CFF-457D-9AC2-7A9923BD534E}.Debug|Mixed Platforms.Build.0 = Debug|Any CPU
		{DF54A60D-6CFF-457D-9AC2-7A9923BD534E}.Debug|x64.ActiveCfg = Debug|Any CPU
		{DF54A60D-6CFF-457D-9AC2-7A9923BD534E}.Debug|x64.Build.0 = Debug|Any CPU
		{DF54A60D-6CFF-457D-9AC2-7A9923BD534E}.Debug|x86.ActiveCfg = Debug|Any CPU
		{DF54A60D-6CFF-457D-9AC2-7A9923BD534E}.Debug|x86.Build.0 = Debug|Any CPU
		{DF54A60D-6CFF-457D-9AC2-7A9923BD534E}.Release|Any CPU.ActiveCfg = Release|Any CPU
		{DF54A60D-6CFF-457D-9AC2-7A9923BD534E}.Release|Any CPU.Build.0 = Release|Any CPU
		{DF54A60D-6CFF-457D-9AC2-7A9923BD534E}.Release|ARM.ActiveCfg = Release|Any CPU
		{DF54A60D-6CFF-457D-9AC2-7A9923BD534E}.Release|ARM.Build.0 = Release|Any CPU
		{DF54A60D-6CFF-457D-9AC2-7A9923BD534E}.Release|Mixed Platforms.ActiveCfg = Release|Any CPU
		{DF54A60D-6CFF-457D-9AC2-7A9923BD534E}.Release|Mixed Platforms.Build.0 = Release|Any CPU
		{DF54A60D-6CFF-457D-9AC2-7A9923BD534E}.Release|x64.ActiveCfg = Release|Any CPU
		{DF54A60D-6CFF-457D-9AC2-7A9923BD534E}.Release|x64.Build.0 = Release|Any CPU
		{DF54A60D-6CFF-457D-9AC2-7A9923BD534E}.Release|x86.ActiveCfg = Release|Any CPU
		{DF54A60D-6CFF-457D-9AC2-7A9923BD534E}.Release|x86.Build.0 = Release|Any CPU
		{A4F4146E-ACA5-4A74-A1FD-DB3D58654796}.Debug|Any CPU.ActiveCfg = Debug|Any CPU
		{A4F4146E-ACA5-4A74-A1FD-DB3D58654796}.Debug|Any CPU.Build.0 = Debug|Any CPU
		{A4F4146E-ACA5-4A74-A1FD-DB3D58654796}.Debug|ARM.ActiveCfg = Debug|Any CPU
		{A4F4146E-ACA5-4A74-A1FD-DB3D58654796}.Debug|ARM.Build.0 = Debug|Any CPU
		{A4F4146E-ACA5-4A74-A1FD-DB3D58654796}.Debug|Mixed Platforms.ActiveCfg = Debug|Any CPU
		{A4F4146E-ACA5-4A74-A1FD-DB3D58654796}.Debug|Mixed Platforms.Build.0 = Debug|Any CPU
		{A4F4146E-ACA5-4A74-A1FD-DB3D58654796}.Debug|x64.ActiveCfg = Debug|Any CPU
		{A4F4146E-ACA5-4A74-A1FD-DB3D58654796}.Debug|x64.Build.0 = Debug|Any CPU
		{A4F4146E-ACA5-4A74-A1FD-DB3D58654796}.Debug|x86.ActiveCfg = Debug|Any CPU
		{A4F4146E-ACA5-4A74-A1FD-DB3D58654796}.Debug|x86.Build.0 = Debug|Any CPU
		{A4F4146E-ACA5-4A74-A1FD-DB3D58654796}.Release|Any CPU.ActiveCfg = Release|Any CPU
		{A4F4146E-ACA5-4A74-A1FD-DB3D58654796}.Release|Any CPU.Build.0 = Release|Any CPU
		{A4F4146E-ACA5-4A74-A1FD-DB3D58654796}.Release|ARM.ActiveCfg = Release|Any CPU
		{A4F4146E-ACA5-4A74-A1FD-DB3D58654796}.Release|ARM.Build.0 = Release|Any CPU
		{A4F4146E-ACA5-4A74-A1FD-DB3D58654796}.Release|Mixed Platforms.ActiveCfg = Release|Any CPU
		{A4F4146E-ACA5-4A74-A1FD-DB3D58654796}.Release|Mixed Platforms.Build.0 = Release|Any CPU
		{A4F4146E-ACA5-4A74-A1FD-DB3D58654796}.Release|x64.ActiveCfg = Release|Any CPU
		{A4F4146E-ACA5-4A74-A1FD-DB3D58654796}.Release|x64.Build.0 = Release|Any CPU
		{A4F4146E-ACA5-4A74-A1FD-DB3D58654796}.Release|x86.ActiveCfg = Release|Any CPU
		{A4F4146E-ACA5-4A74-A1FD-DB3D58654796}.Release|x86.Build.0 = Release|Any CPU
		{26EF55D5-2149-4840-99D1-8A59747ADBDE}.Debug|Any CPU.ActiveCfg = Debug|Any CPU
		{26EF55D5-2149-4840-99D1-8A59747ADBDE}.Debug|Any CPU.Build.0 = Debug|Any CPU
		{26EF55D5-2149-4840-99D1-8A59747ADBDE}.Debug|ARM.ActiveCfg = Debug|Any CPU
		{26EF55D5-2149-4840-99D1-8A59747ADBDE}.Debug|ARM.Build.0 = Debug|Any CPU
		{26EF55D5-2149-4840-99D1-8A59747ADBDE}.Debug|Mixed Platforms.ActiveCfg = Debug|Any CPU
		{26EF55D5-2149-4840-99D1-8A59747ADBDE}.Debug|Mixed Platforms.Build.0 = Debug|Any CPU
		{26EF55D5-2149-4840-99D1-8A59747ADBDE}.Debug|x64.ActiveCfg = Debug|Any CPU
		{26EF55D5-2149-4840-99D1-8A59747ADBDE}.Debug|x64.Build.0 = Debug|Any CPU
		{26EF55D5-2149-4840-99D1-8A59747ADBDE}.Debug|x86.ActiveCfg = Debug|Any CPU
		{26EF55D5-2149-4840-99D1-8A59747ADBDE}.Debug|x86.Build.0 = Debug|Any CPU
		{26EF55D5-2149-4840-99D1-8A59747ADBDE}.Release|Any CPU.ActiveCfg = Release|Any CPU
		{26EF55D5-2149-4840-99D1-8A59747ADBDE}.Release|Any CPU.Build.0 = Release|Any CPU
		{26EF55D5-2149-4840-99D1-8A59747ADBDE}.Release|ARM.ActiveCfg = Release|Any CPU
		{26EF55D5-2149-4840-99D1-8A59747ADBDE}.Release|ARM.Build.0 = Release|Any CPU
		{26EF55D5-2149-4840-99D1-8A59747ADBDE}.Release|Mixed Platforms.ActiveCfg = Release|Any CPU
		{26EF55D5-2149-4840-99D1-8A59747ADBDE}.Release|Mixed Platforms.Build.0 = Release|Any CPU
		{26EF55D5-2149-4840-99D1-8A59747ADBDE}.Release|x64.ActiveCfg = Release|Any CPU
		{26EF55D5-2149-4840-99D1-8A59747ADBDE}.Release|x64.Build.0 = Release|Any CPU
		{26EF55D5-2149-4840-99D1-8A59747ADBDE}.Release|x86.ActiveCfg = Release|Any CPU
		{26EF55D5-2149-4840-99D1-8A59747ADBDE}.Release|x86.Build.0 = Release|Any CPU
		{F027872C-9ECD-4E9F-A303-80585D3121E0}.Debug|Any CPU.ActiveCfg = Debug|Any CPU
		{F027872C-9ECD-4E9F-A303-80585D3121E0}.Debug|Any CPU.Build.0 = Debug|Any CPU
		{F027872C-9ECD-4E9F-A303-80585D3121E0}.Debug|ARM.ActiveCfg = Debug|Any CPU
		{F027872C-9ECD-4E9F-A303-80585D3121E0}.Debug|ARM.Build.0 = Debug|Any CPU
		{F027872C-9ECD-4E9F-A303-80585D3121E0}.Debug|Mixed Platforms.ActiveCfg = Debug|Any CPU
		{F027872C-9ECD-4E9F-A303-80585D3121E0}.Debug|Mixed Platforms.Build.0 = Debug|Any CPU
		{F027872C-9ECD-4E9F-A303-80585D3121E0}.Debug|x64.ActiveCfg = Debug|Any CPU
		{F027872C-9ECD-4E9F-A303-80585D3121E0}.Debug|x64.Build.0 = Debug|Any CPU
		{F027872C-9ECD-4E9F-A303-80585D3121E0}.Debug|x86.ActiveCfg = Debug|Any CPU
		{F027872C-9ECD-4E9F-A303-80585D3121E0}.Debug|x86.Build.0 = Debug|Any CPU
		{F027872C-9ECD-4E9F-A303-80585D3121E0}.Release|Any CPU.ActiveCfg = Release|Any CPU
		{F027872C-9ECD-4E9F-A303-80585D3121E0}.Release|Any CPU.Build.0 = Release|Any CPU
		{F027872C-9ECD-4E9F-A303-80585D3121E0}.Release|ARM.ActiveCfg = Release|Any CPU
		{F027872C-9ECD-4E9F-A303-80585D3121E0}.Release|ARM.Build.0 = Release|Any CPU
		{F027872C-9ECD-4E9F-A303-80585D3121E0}.Release|Mixed Platforms.ActiveCfg = Release|Any CPU
		{F027872C-9ECD-4E9F-A303-80585D3121E0}.Release|Mixed Platforms.Build.0 = Release|Any CPU
		{F027872C-9ECD-4E9F-A303-80585D3121E0}.Release|x64.ActiveCfg = Release|Any CPU
		{F027872C-9ECD-4E9F-A303-80585D3121E0}.Release|x64.Build.0 = Release|Any CPU
		{F027872C-9ECD-4E9F-A303-80585D3121E0}.Release|x86.ActiveCfg = Release|Any CPU
		{F027872C-9ECD-4E9F-A303-80585D3121E0}.Release|x86.Build.0 = Release|Any CPU
		{DE9B7063-F9FB-41A7-B59A-D37A9936384D}.Debug|Any CPU.ActiveCfg = Debug|Any CPU
		{DE9B7063-F9FB-41A7-B59A-D37A9936384D}.Debug|Any CPU.Build.0 = Debug|Any CPU
		{DE9B7063-F9FB-41A7-B59A-D37A9936384D}.Debug|ARM.ActiveCfg = Debug|Any CPU
		{DE9B7063-F9FB-41A7-B59A-D37A9936384D}.Debug|ARM.Build.0 = Debug|Any CPU
		{DE9B7063-F9FB-41A7-B59A-D37A9936384D}.Debug|Mixed Platforms.ActiveCfg = Debug|Any CPU
		{DE9B7063-F9FB-41A7-B59A-D37A9936384D}.Debug|Mixed Platforms.Build.0 = Debug|Any CPU
		{DE9B7063-F9FB-41A7-B59A-D37A9936384D}.Debug|x64.ActiveCfg = Debug|Any CPU
		{DE9B7063-F9FB-41A7-B59A-D37A9936384D}.Debug|x64.Build.0 = Debug|Any CPU
		{DE9B7063-F9FB-41A7-B59A-D37A9936384D}.Debug|x86.ActiveCfg = Debug|Any CPU
		{DE9B7063-F9FB-41A7-B59A-D37A9936384D}.Debug|x86.Build.0 = Debug|Any CPU
		{DE9B7063-F9FB-41A7-B59A-D37A9936384D}.Release|Any CPU.ActiveCfg = Release|Any CPU
		{DE9B7063-F9FB-41A7-B59A-D37A9936384D}.Release|Any CPU.Build.0 = Release|Any CPU
		{DE9B7063-F9FB-41A7-B59A-D37A9936384D}.Release|ARM.ActiveCfg = Release|Any CPU
		{DE9B7063-F9FB-41A7-B59A-D37A9936384D}.Release|ARM.Build.0 = Release|Any CPU
		{DE9B7063-F9FB-41A7-B59A-D37A9936384D}.Release|Mixed Platforms.ActiveCfg = Release|Any CPU
		{DE9B7063-F9FB-41A7-B59A-D37A9936384D}.Release|Mixed Platforms.Build.0 = Release|Any CPU
		{DE9B7063-F9FB-41A7-B59A-D37A9936384D}.Release|x64.ActiveCfg = Release|Any CPU
		{DE9B7063-F9FB-41A7-B59A-D37A9936384D}.Release|x64.Build.0 = Release|Any CPU
		{DE9B7063-F9FB-41A7-B59A-D37A9936384D}.Release|x86.ActiveCfg = Release|Any CPU
		{DE9B7063-F9FB-41A7-B59A-D37A9936384D}.Release|x86.Build.0 = Release|Any CPU
	EndGlobalSection
	GlobalSection(SolutionProperties) = preSolution
		HideSolutionNode = FALSE
	EndGlobalSection
	GlobalSection(NestedProjects) = preSolution
		{19678703-EDEA-40B4-AC86-46BE2A1A7108} = {B2A22AA0-848D-442C-BCA4-A86EC6A0A1DE}
		{4EB22F9F-FF71-421A-8E85-01691BCAC2CA} = {2240CDE1-CB1F-4467-AF40-29231F2DF145}
		{2E5E3EE9-75FC-4745-83FF-2AD2B30A2C32} = {2240CDE1-CB1F-4467-AF40-29231F2DF145}
		{95B388B9-FA65-4FDD-94F6-82966DC138C9} = {19678703-EDEA-40B4-AC86-46BE2A1A7108}
		{63891DD9-ABEE-4EDA-B0D5-84B407902B6F} = {B2A22AA0-848D-442C-BCA4-A86EC6A0A1DE}
		{A4F4146E-ACA5-4A74-A1FD-DB3D58654796} = {B2A22AA0-848D-442C-BCA4-A86EC6A0A1DE}
		{F027872C-9ECD-4E9F-A303-80585D3121E0} = {17FBB49D-7E42-4854-A868-315BF5F5B3E9}
		{DE9B7063-F9FB-41A7-B59A-D37A9936384D} = {17FBB49D-7E42-4854-A868-315BF5F5B3E9}
	EndGlobalSection
EndGlobal
